{
  "name": "graph",
  "lockfileVersion": 3,
  "requires": true,
  "packages": {
    "": {
      "dependencies": {
        "date-fns": "^3.5.0"
      }
    },
    "node_modules/date-fns": {
      "version": "3.5.0",
      "resolved": "https://registry.npmjs.org/date-fns/-/date-fns-3.5.0.tgz",
      "integrity": "sha512-a+DwyXn7NOfdJireCzAA0B9p7jIXEu/Q9JKCyMYvH6+0vPUNbQceA0neXrdfJ/xzl3mhOh5vibQQ3936Tssm6A==",
      "funding": {
        "type": "github",
        "url": "https://github.com/sponsors/kossnocorp"
      }
    }
  }
}
